
Microsoft Visual Studio Solution File, Format Version 12.00
# Visual Studio Version 17
VisualStudioVersion = 17.5.33516.290
MinimumVisualStudioVersion = 10.0.40219.1
Project("{9A19103F-16F7-4668-BE54-9A1E7A4F7556}") = "Eaconomy.API", "Eaconomy.API\Eaconomy.API.csproj", "{3C8C2AEE-4708-4CE5-8E87-862F345567A9}"
EndProject
Project("{FAE04EC0-301F-11D3-BF4B-00C04F79EFBC}") = "Eaconomy.Domain", "Eaconomy.Domain\Eaconomy.Domain.csproj", "{C983016F-CDD1-4279-8EC0-4712F80FF83B}"
EndProject
Project("{FAE04EC0-301F-11D3-BF4B-00C04F79EFBC}") = "Eaconomy.Application", "Eaconomy.Application\Eaconomy.Application.csproj", "{B05C1539-0797-4792-BF5A-1B56E7AA83C5}"
EndProject
Project("{FAE04EC0-301F-11D3-BF4B-00C04F79EFBC}") = "Eaconomy.Infrastructure", "Eaconomy.Infrastructure\Eaconomy.Infrastructure.csproj", "{A538B805-9004-47B4-A402-97C1D187B58E}"
EndProject
Global
	GlobalSection(SolutionConfigurationPlatforms) = preSolution
		Debug|Any CPU = Debug|Any CPU
		Release|Any CPU = Release|Any CPU
	EndGlobalSection
	GlobalSection(ProjectConfigurationPlatforms) = postSolution
		{3C8C2AEE-4708-4CE5-8E87-862F345567A9}.Debug|Any CPU.ActiveCfg = Debug|Any CPU
		{3C8C2AEE-4708-4CE5-8E87-862F345567A9}.Debug|Any CPU.Build.0 = Debug|Any CPU
		{3C8C2AEE-4708-4CE5-8E87-862F345567A9}.Release|Any CPU.ActiveCfg = Release|Any CPU
		{3C8C2AEE-4708-4CE5-8E87-862F345567A9}.Release|Any CPU.Build.0 = Release|Any CPU
		{C983016F-CDD1-4279-8EC0-4712F80FF83B}.Debug|Any CPU.ActiveCfg = Debug|Any CPU
		{C983016F-CDD1-4279-8EC0-4712F80FF83B}.Debug|Any CPU.Build.0 = Debug|Any CPU
		{C983016F-CDD1-4279-8EC0-4712F80FF83B}.Release|Any CPU.ActiveCfg = Release|Any CPU
		{C983016F-CDD1-4279-8EC0-4712F80FF83B}.Release|Any CPU.Build.0 = Release|Any CPU
		{B05C1539-0797-4792-BF5A-1B56E7AA83C5}.Debug|Any CPU.ActiveCfg = Debug|Any CPU
		{B05C1539-0797-4792-BF5A-1B56E7AA83C5}.Debug|Any CPU.Build.0 = Debug|Any CPU
		{B05C1539-0797-4792-BF5A-1B56E7AA83C5}.Release|Any CPU.ActiveCfg = Release|Any CPU
		{B05C1539-0797-4792-BF5A-1B56E7AA83C5}.Release|Any CPU.Build.0 = Release|Any CPU
		{A538B805-9004-47B4-A402-97C1D187B58E}.Debug|Any CPU.ActiveCfg = Debug|Any CPU
		{A538B805-9004-47B4-A402-97C1D187B58E}.Debug|Any CPU.Build.0 = Debug|Any CPU
		{A538B805-9004-47B4-A402-97C1D187B58E}.Release|Any CPU.ActiveCfg = Release|Any CPU
		{A538B805-9004-47B4-A402-97C1D187B58E}.Release|Any CPU.Build.0 = Release|Any CPU
	EndGlobalSection
	GlobalSection(SolutionProperties) = preSolution
		HideSolutionNode = FALSE
	EndGlobalSection
	GlobalSection(ExtensibilityGlobals) = postSolution
		SolutionGuid = {D9B844B9-91D0-4193-B7B9-59EE1CC46B52}
	EndGlobalSection
EndGlobal
